
Microsoft Visual Studio Solution File, Format Version 12.00
# Visual Studio Version 17
VisualStudioVersion = 17.10.35027.167
MinimumVisualStudioVersion = 10.0.40219.1
Project("{FAE04EC0-301F-11D3-BF4B-00C04F79EFBC}") = "StudentApi", "StudentApi.csproj", "{DACF9034-438A-4E5B-A86F-6D6419C03D94}"
EndProject
Global
	GlobalSection(SolutionConfigurationPlatforms) = preSolution
		Debug|Any CPU = Debug|Any CPU
		Release|Any CPU = Release|Any CPU
	EndGlobalSection
	GlobalSection(ProjectConfigurationPlatforms) = postSolution
		{DACF9034-438A-4E5B-A86F-6D6419C03D94}.Debug|Any CPU.ActiveCfg = Debug|Any CPU
		{DACF9034-438A-4E5B-A86F-6D6419C03D94}.Debug|Any CPU.Build.0 = Debug|Any CPU
		{DACF9034-438A-4E5B-A86F-6D6419C03D94}.Release|Any CPU.ActiveCfg = Release|Any CPU
		{DACF9034-438A-4E5B-A86F-6D6419C03D94}.Release|Any CPU.Build.0 = Release|Any CPU
	EndGlobalSection
	GlobalSection(SolutionProperties) = preSolution
		HideSolutionNode = FALSE
	EndGlobalSection
	GlobalSection(ExtensibilityGlobals) = postSolution
		SolutionGuid = {B35CB22C-0897-4E92-9A9F-082A06FCA28D}
	EndGlobalSection
EndGlobal
